
Microsoft Visual Studio Solution File, Format Version 12.00
# Visual Studio Version 16
VisualStudioVersion = 16.0.32510.428
MinimumVisualStudioVersion = 10.0.40219.1
Project("{8BC9CEB8-8B4A-11D0-8D11-00A0C91BC942}") = "hw_11_20", "hw_11_20\hw_11_20.vcxproj", "{785C8FBA-E12A-4F26-87A1-9E0C7C2A71BF}"
EndProject
Global
	GlobalSection(SolutionConfigurationPlatforms) = preSolution
		Debug|x64 = Debug|x64
		Debug|x86 = Debug|x86
		Release|x64 = Release|x64
		Release|x86 = Release|x86
	EndGlobalSection
	GlobalSection(ProjectConfigurationPlatforms) = postSolution
		{785C8FBA-E12A-4F26-87A1-9E0C7C2A71BF}.Debug|x64.ActiveCfg = Debug|x64
		{785C8FBA-E12A-4F26-87A1-9E0C7C2A71BF}.Debug|x64.Build.0 = Debug|x64
		{785C8FBA-E12A-4F26-87A1-9E0C7C2A71BF}.Debug|x86.ActiveCfg = Debug|Win32
		{785C8FBA-E12A-4F26-87A1-9E0C7C2A71BF}.Debug|x86.Build.0 = Debug|Win32
		{785C8FBA-E12A-4F26-87A1-9E0C7C2A71BF}.Release|x64.ActiveCfg = Release|x64
		{785C8FBA-E12A-4F26-87A1-9E0C7C2A71BF}.Release|x64.Build.0 = Release|x64
		{785C8FBA-E12A-4F26-87A1-9E0C7C2A71BF}.Release|x86.ActiveCfg = Release|Win32
		{785C8FBA-E12A-4F26-87A1-9E0C7C2A71BF}.Release|x86.Build.0 = Release|Win32
	EndGlobalSection
	GlobalSection(SolutionProperties) = preSolution
		HideSolutionNode = FALSE
	EndGlobalSection
	GlobalSection(ExtensibilityGlobals) = postSolution
		SolutionGuid = {778BCD9D-4026-402B-B3BE-94E9C7F13336}
	EndGlobalSection
EndGlobal
