
Microsoft Visual Studio Solution File, Format Version 12.00
# Visual Studio Version 16
VisualStudioVersion = 16.0.32510.428
MinimumVisualStudioVersion = 10.0.40219.1
Project("{8BC9CEB8-8B4A-11D0-8D11-00A0C91BC942}") = "HeapSort", "HeapSort\HeapSort.vcxproj", "{49DC1BAC-EA1A-4DC4-A969-56ADD2965799}"
EndProject
Global
	GlobalSection(SolutionConfigurationPlatforms) = preSolution
		Debug|x64 = Debug|x64
		Debug|x86 = Debug|x86
		Release|x64 = Release|x64
		Release|x86 = Release|x86
	EndGlobalSection
	GlobalSection(ProjectConfigurationPlatforms) = postSolution
		{49DC1BAC-EA1A-4DC4-A969-56ADD2965799}.Debug|x64.ActiveCfg = Debug|x64
		{49DC1BAC-EA1A-4DC4-A969-56ADD2965799}.Debug|x64.Build.0 = Debug|x64
		{49DC1BAC-EA1A-4DC4-A969-56ADD2965799}.Debug|x86.ActiveCfg = Debug|Win32
		{49DC1BAC-EA1A-4DC4-A969-56ADD2965799}.Debug|x86.Build.0 = Debug|Win32
		{49DC1BAC-EA1A-4DC4-A969-56ADD2965799}.Release|x64.ActiveCfg = Release|x64
		{49DC1BAC-EA1A-4DC4-A969-56ADD2965799}.Release|x64.Build.0 = Release|x64
		{49DC1BAC-EA1A-4DC4-A969-56ADD2965799}.Release|x86.ActiveCfg = Release|Win32
		{49DC1BAC-EA1A-4DC4-A969-56ADD2965799}.Release|x86.Build.0 = Release|Win32
	EndGlobalSection
	GlobalSection(SolutionProperties) = preSolution
		HideSolutionNode = FALSE
	EndGlobalSection
	GlobalSection(ExtensibilityGlobals) = postSolution
		SolutionGuid = {C265882F-E0C7-46AE-AF87-7E91C3655A17}
	EndGlobalSection
EndGlobal
