
Microsoft Visual Studio Solution File, Format Version 12.00
# Visual Studio Version 16
VisualStudioVersion = 16.0.32510.428
MinimumVisualStudioVersion = 10.0.40219.1
Project("{8BC9CEB8-8B4A-11D0-8D11-00A0C91BC942}") = "hw_7_26", "hw_7_26\hw_7_26.vcxproj", "{2CEB86B6-A330-4DF0-9CE7-C90949A9828D}"
EndProject
Global
	GlobalSection(SolutionConfigurationPlatforms) = preSolution
		Debug|x64 = Debug|x64
		Debug|x86 = Debug|x86
		Release|x64 = Release|x64
		Release|x86 = Release|x86
	EndGlobalSection
	GlobalSection(ProjectConfigurationPlatforms) = postSolution
		{2CEB86B6-A330-4DF0-9CE7-C90949A9828D}.Debug|x64.ActiveCfg = Debug|x64
		{2CEB86B6-A330-4DF0-9CE7-C90949A9828D}.Debug|x64.Build.0 = Debug|x64
		{2CEB86B6-A330-4DF0-9CE7-C90949A9828D}.Debug|x86.ActiveCfg = Debug|Win32
		{2CEB86B6-A330-4DF0-9CE7-C90949A9828D}.Debug|x86.Build.0 = Debug|Win32
		{2CEB86B6-A330-4DF0-9CE7-C90949A9828D}.Release|x64.ActiveCfg = Release|x64
		{2CEB86B6-A330-4DF0-9CE7-C90949A9828D}.Release|x64.Build.0 = Release|x64
		{2CEB86B6-A330-4DF0-9CE7-C90949A9828D}.Release|x86.ActiveCfg = Release|Win32
		{2CEB86B6-A330-4DF0-9CE7-C90949A9828D}.Release|x86.Build.0 = Release|Win32
	EndGlobalSection
	GlobalSection(SolutionProperties) = preSolution
		HideSolutionNode = FALSE
	EndGlobalSection
	GlobalSection(ExtensibilityGlobals) = postSolution
		SolutionGuid = {881F009A-2122-4FE7-8D7A-C5D936549A3C}
	EndGlobalSection
EndGlobal
