
Microsoft Visual Studio Solution File, Format Version 12.00
# Visual Studio Version 16
VisualStudioVersion = 16.0.32510.428
MinimumVisualStudioVersion = 10.0.40219.1
Project("{8BC9CEB8-8B4A-11D0-8D11-00A0C91BC942}") = "hw_11_1", "hw_11_1\hw_11_1.vcxproj", "{BAB494C8-D1C2-4EA1-892C-E930F06BC5D9}"
EndProject
Global
	GlobalSection(SolutionConfigurationPlatforms) = preSolution
		Debug|x64 = Debug|x64
		Debug|x86 = Debug|x86
		Release|x64 = Release|x64
		Release|x86 = Release|x86
	EndGlobalSection
	GlobalSection(ProjectConfigurationPlatforms) = postSolution
		{BAB494C8-D1C2-4EA1-892C-E930F06BC5D9}.Debug|x64.ActiveCfg = Debug|x64
		{BAB494C8-D1C2-4EA1-892C-E930F06BC5D9}.Debug|x64.Build.0 = Debug|x64
		{BAB494C8-D1C2-4EA1-892C-E930F06BC5D9}.Debug|x86.ActiveCfg = Debug|Win32
		{BAB494C8-D1C2-4EA1-892C-E930F06BC5D9}.Debug|x86.Build.0 = Debug|Win32
		{BAB494C8-D1C2-4EA1-892C-E930F06BC5D9}.Release|x64.ActiveCfg = Release|x64
		{BAB494C8-D1C2-4EA1-892C-E930F06BC5D9}.Release|x64.Build.0 = Release|x64
		{BAB494C8-D1C2-4EA1-892C-E930F06BC5D9}.Release|x86.ActiveCfg = Release|Win32
		{BAB494C8-D1C2-4EA1-892C-E930F06BC5D9}.Release|x86.Build.0 = Release|Win32
	EndGlobalSection
	GlobalSection(SolutionProperties) = preSolution
		HideSolutionNode = FALSE
	EndGlobalSection
	GlobalSection(ExtensibilityGlobals) = postSolution
		SolutionGuid = {17738C95-F2DC-483B-9015-4A1D38ED8F50}
	EndGlobalSection
EndGlobal
