
Microsoft Visual Studio Solution File, Format Version 12.00
# Visual Studio Version 16
VisualStudioVersion = 16.0.32510.428
MinimumVisualStudioVersion = 10.0.40219.1
Project("{8BC9CEB8-8B4A-11D0-8D11-00A0C91BC942}") = "hw_7_24", "hw_7_24\hw_7_24.vcxproj", "{00EB636B-C02B-4089-B019-40E5FDFF530B}"
EndProject
Global
	GlobalSection(SolutionConfigurationPlatforms) = preSolution
		Debug|x64 = Debug|x64
		Debug|x86 = Debug|x86
		Release|x64 = Release|x64
		Release|x86 = Release|x86
	EndGlobalSection
	GlobalSection(ProjectConfigurationPlatforms) = postSolution
		{00EB636B-C02B-4089-B019-40E5FDFF530B}.Debug|x64.ActiveCfg = Debug|x64
		{00EB636B-C02B-4089-B019-40E5FDFF530B}.Debug|x64.Build.0 = Debug|x64
		{00EB636B-C02B-4089-B019-40E5FDFF530B}.Debug|x86.ActiveCfg = Debug|Win32
		{00EB636B-C02B-4089-B019-40E5FDFF530B}.Debug|x86.Build.0 = Debug|Win32
		{00EB636B-C02B-4089-B019-40E5FDFF530B}.Release|x64.ActiveCfg = Release|x64
		{00EB636B-C02B-4089-B019-40E5FDFF530B}.Release|x64.Build.0 = Release|x64
		{00EB636B-C02B-4089-B019-40E5FDFF530B}.Release|x86.ActiveCfg = Release|Win32
		{00EB636B-C02B-4089-B019-40E5FDFF530B}.Release|x86.Build.0 = Release|Win32
	EndGlobalSection
	GlobalSection(SolutionProperties) = preSolution
		HideSolutionNode = FALSE
	EndGlobalSection
	GlobalSection(ExtensibilityGlobals) = postSolution
		SolutionGuid = {E255969E-979B-4B6E-8053-8787C148D359}
	EndGlobalSection
EndGlobal
